
Microsoft Visual Studio Solution File, Format Version 12.00
# Visual Studio Version 16
VisualStudioVersion = 25.0.1706.10
MinimumVisualStudioVersion = 10.0.40219.1
Project("{FAE04EC0-301F-11D3-BF4B-00C04F79EFBC}") = "WebMVCDemo", "WebMVCDemo\WebMVCDemo.csproj", "{922F4D04-8E4F-4582-B772-5359D03BEFD2}"
EndProject
Global
	GlobalSection(SolutionConfigurationPlatforms) = preSolution
		Debug|Any CPU = Debug|Any CPU
		Release|Any CPU = Release|Any CPU
	EndGlobalSection
	GlobalSection(ProjectConfigurationPlatforms) = postSolution
		{922F4D04-8E4F-4582-B772-5359D03BEFD2}.Debug|Any CPU.ActiveCfg = Debug|Any CPU
		{922F4D04-8E4F-4582-B772-5359D03BEFD2}.Debug|Any CPU.Build.0 = Debug|Any CPU
		{922F4D04-8E4F-4582-B772-5359D03BEFD2}.Release|Any CPU.ActiveCfg = Release|Any CPU
		{922F4D04-8E4F-4582-B772-5359D03BEFD2}.Release|Any CPU.Build.0 = Release|Any CPU
	EndGlobalSection
	GlobalSection(SolutionProperties) = preSolution
		HideSolutionNode = FALSE
	EndGlobalSection
	GlobalSection(ExtensibilityGlobals) = postSolution
		SolutionGuid = {289C7EAC-337C-4187-BF4D-53A3F06A1C53}
	EndGlobalSection
EndGlobal
